# THIS IS AN AUTOGENERATED FILE. DO NOT EDIT THIS FILE DIRECTLY.
# yarn lockfile v1


"@babel/runtime@^7.13.10":
  version "7.16.5"
  resolved "https://registry.yarnpkg.com/@babel/runtime/-/runtime-7.16.5.tgz#7f3e34bf8bdbbadf03fbb7b1ea0d929569c9487a"
  integrity sha512-TXWihFIS3Pyv5hzR7j6ihmeLkZfrXGxAr5UfSl8CHf+6q/wpiYDkUau0czckpYG8QmnCIuPpdLtuA9VmuGGyMA==
  dependencies:
    regenerator-runtime "^0.13.4"

"@emotion/cache@^11.7.1":
  version "11.7.1"
  resolved "https://registry.yarnpkg.com/@emotion/cache/-/cache-11.7.1.tgz#08d080e396a42e0037848214e8aa7bf879065539"
  integrity sha512-r65Zy4Iljb8oyjtLeCuBH8Qjiy107dOYC6SJq7g7GV5UCQWMObY4SJDPGFjiiVpPrOJ2hmJOoBiYTC7hwx9E2A==
  dependencies:
    "@emotion/memoize" "^0.7.4"
    "@emotion/sheet" "^1.1.0"
    "@emotion/utils" "^1.0.0"
    "@emotion/weak-memoize" "^0.2.5"
    stylis "4.0.13"

"@emotion/hash@^0.8.0":
  version "0.8.0"
  resolved "https://registry.yarnpkg.com/@emotion/hash/-/hash-0.8.0.tgz#bbbff68978fefdbe68ccb533bc8cbe1d1afb5413"
  integrity sha512-kBJtf7PH6aWwZ6fka3zQ0p6SBYzx4fl1LoZXE2RrnYST9Xljm7WfKJrU4g/Xr3Beg72MLrp1AWNUmuYJTL7Cow==

"@emotion/memoize@^0.7.4":
  version "0.7.5"
  resolved "https://registry.yarnpkg.com/@emotion/memoize/-/memoize-0.7.5.tgz#2c40f81449a4e554e9fc6396910ed4843ec2be50"
  integrity sha512-igX9a37DR2ZPGYtV6suZ6whr8pTFtyHL3K/oLUotxpSVO2ASaprmAe2Dkq7tBo7CRY7MMDrAa9nuQP9/YG8FxQ==

"@emotion/native@^11.0.0":
  version "11.0.0"
  resolved "https://registry.yarnpkg.com/@emotion/native/-/native-11.0.0.tgz#81dbac441b1359a82a3d942a4f3f49d92b51a374"
  integrity sha512-IByi+OfagLtcQsXZMkS06ztcNMZePg6dqwzM4FIkXjN4PhoeJ/jTDRICT3pTIk3ChuurX2oF8fmE+0bfvYi/SA==
  dependencies:
    "@emotion/primitives-core" "^11.0.0"

"@emotion/primitives-core@^11.0.0":
  version "11.0.0"
  resolved "https://registry.yarnpkg.com/@emotion/primitives-core/-/primitives-core-11.0.0.tgz#1db3b0081d9e60e79d264616b5626f5ec84243fc"
  integrity sha512-4zpfUV7hz9A+j7Hcyiend3LEtRogDXDtMzQy8LOoU39Mw5ntgvTlYQSPbQSzs98BJty/F9Ybyg3pBzFDdMpmDg==
  dependencies:
    css-to-react-native "^3.0.0"

"@emotion/react@^11.7.1":
  version "11.7.1"
  resolved "https://registry.yarnpkg.com/@emotion/react/-/react-11.7.1.tgz#3f800ce9b20317c13e77b8489ac4a0b922b2fe07"
  integrity sha512-DV2Xe3yhkF1yT4uAUoJcYL1AmrnO5SVsdfvu+fBuS7IbByDeTVx9+wFmvx9Idzv7/78+9Mgx2Hcmr7Fex3tIyw==
  dependencies:
    "@babel/runtime" "^7.13.10"
    "@emotion/cache" "^11.7.1"
    "@emotion/serialize" "^1.0.2"
    "@emotion/sheet" "^1.1.0"
    "@emotion/utils" "^1.0.0"
    "@emotion/weak-memoize" "^0.2.5"
    hoist-non-react-statics "^3.3.1"

"@emotion/serialize@^1.0.2":
  version "1.0.2"
  resolved "https://registry.yarnpkg.com/@emotion/serialize/-/serialize-1.0.2.tgz#77cb21a0571c9f68eb66087754a65fa97bfcd965"
  integrity sha512-95MgNJ9+/ajxU7QIAruiOAdYNjxZX7G2mhgrtDWswA21VviYIRP1R5QilZ/bDY42xiKsaktP4egJb3QdYQZi1A==
  dependencies:
    "@emotion/hash" "^0.8.0"
    "@emotion/memoize" "^0.7.4"
    "@emotion/unitless" "^0.7.5"
    "@emotion/utils" "^1.0.0"
    csstype "^3.0.2"

"@emotion/sheet@^1.1.0":
  version "1.1.0"
  resolved "https://registry.yarnpkg.com/@emotion/sheet/-/sheet-1.1.0.tgz#56d99c41f0a1cda2726a05aa6a20afd4c63e58d2"
  integrity sha512-u0AX4aSo25sMAygCuQTzS+HsImZFuS8llY8O7b9MDRzbJM0kVJlAz6KNDqcG7pOuQZJmj/8X/rAW+66kMnMW+g==

"@emotion/unitless@^0.7.5":
  version "0.7.5"
  resolved "https://registry.yarnpkg.com/@emotion/unitless/-/unitless-0.7.5.tgz#77211291c1900a700b8a78cfafda3160d76949ed"
  integrity sha512-OWORNpfjMsSSUBVrRBVGECkhWcULOAJz9ZW8uK9qgxD+87M7jHRcvh/A96XXNhXTLmKcoYSQtBEX7lHMO7YRwg==

"@emotion/utils@^1.0.0":
  version "1.0.0"
  resolved "https://registry.yarnpkg.com/@emotion/utils/-/utils-1.0.0.tgz#abe06a83160b10570816c913990245813a2fd6af"
  integrity sha512-mQC2b3XLDs6QCW+pDQDiyO/EdGZYOygE8s5N5rrzjSI4M3IejPE/JPndCBwRT9z982aqQNi6beWs1UeayrQxxA==

"@emotion/weak-memoize@^0.2.5":
  version "0.2.5"
  resolved "https://registry.yarnpkg.com/@emotion/weak-memoize/-/weak-memoize-0.2.5.tgz#8eed982e2ee6f7f4e44c253e12962980791efd46"
  integrity sha512-6U71C2Wp7r5XtFtQzYrW5iKFT67OixrSxjI4MptCHzdSVlgabczzqLe0ZSgnub/5Kp4hSbpDB1tMytZY9pwxxA==

"@react-native-async-storage/async-storage@^1.15.14":
  version "1.15.14"
  resolved "https://registry.yarnpkg.com/@react-native-async-storage/async-storage/-/async-storage-1.15.14.tgz#8165d3f78798b46e693169795b62e40142064273"
  integrity sha512-eJF2horabXazwszCyyXDe4w7sBSWlB0WPA8akKXuN2n7WXKHYeQJPN41lS9OahrhSZuZwqftNFE9VWgPXA8wyA==
  dependencies:
    merge-options "^3.0.4"

camelize@^1.0.0:
  version "1.0.0"
  resolved "https://registry.yarnpkg.com/camelize/-/camelize-1.0.0.tgz#164a5483e630fa4321e5af07020e531831b2609b"
  integrity sha1-FkpUg+Yw+kMh5a8HAg5TGDGyYJs=

css-color-keywords@^1.0.0:
  version "1.0.0"
  resolved "https://registry.yarnpkg.com/css-color-keywords/-/css-color-keywords-1.0.0.tgz#fea2616dc676b2962686b3af8dbdbe180b244e05"
  integrity sha1-/qJhbcZ2spYmhrOvjb2+GAskTgU=

css-to-react-native@^3.0.0:
  version "3.0.0"
  resolved "https://registry.yarnpkg.com/css-to-react-native/-/css-to-react-native-3.0.0.tgz#62dbe678072a824a689bcfee011fc96e02a7d756"
  integrity sha512-Ro1yETZA813eoyUp2GDBhG2j+YggidUmzO1/v9eYBKR2EHVEniE2MI/NqpTQ954BMpTPZFsGNPm46qFB9dpaPQ==
  dependencies:
    camelize "^1.0.0"
    css-color-keywords "^1.0.0"
    postcss-value-parser "^4.0.2"

csstype@^3.0.2:
  version "3.0.10"
  resolved "https://registry.yarnpkg.com/csstype/-/csstype-3.0.10.tgz#2ad3a7bed70f35b965707c092e5f30b327c290e5"
  integrity sha512-2u44ZG2OcNUO9HDp/Jl8C07x6pU/eTR3ncV91SiK3dhG9TWvRVsCoJw14Ckx5DgWkzGA3waZWO3d7pgqpUI/XA==

hoist-non-react-statics@^3.3.1:
  version "3.3.2"
  resolved "https://registry.yarnpkg.com/hoist-non-react-statics/-/hoist-non-react-statics-3.3.2.tgz#ece0acaf71d62c2969c2ec59feff42a4b1a85b45"
  integrity sha512-/gGivxi8JPKWNm/W0jSmzcMPpfpPLc3dY/6GxhX2hQ9iGj3aDfklV4ET7NjKpSinLpJ5vafa9iiGIEZg10SfBw==
  dependencies:
    react-is "^16.7.0"

is-plain-obj@^2.1.0:
  version "2.1.0"
  resolved "https://registry.yarnpkg.com/is-plain-obj/-/is-plain-obj-2.1.0.tgz#45e42e37fccf1f40da8e5f76ee21515840c09287"
  integrity sha512-YWnfyRwxL/+SsrWYfOpUtz5b3YD+nyfkHvjbcanzk8zgyO4ASD67uVMRt8k5bM4lLMDnXfriRhOpemw+NfT1eA==

merge-options@^3.0.4:
  version "3.0.4"
  resolved "https://registry.yarnpkg.com/merge-options/-/merge-options-3.0.4.tgz#84709c2aa2a4b24c1981f66c179fe5565cc6dbb7"
  integrity sha512-2Sug1+knBjkaMsMgf1ctR1Ujx+Ayku4EdJN4Z+C2+JzoeF7A3OZ9KM2GY0CpQS51NR61LTurMJrRKPhSs3ZRTQ==
  dependencies:
    is-plain-obj "^2.1.0"

postcss-value-parser@^4.0.2:
  version "4.2.0"
  resolved "https://registry.yarnpkg.com/postcss-value-parser/-/postcss-value-parser-4.2.0.tgz#723c09920836ba6d3e5af019f92bc0971c02e514"
  integrity sha512-1NNCs6uurfkVbeXG4S8JFT9t19m45ICnif8zWLd5oPSZ50QnwMfK+H3jv408d4jw/7Bttv5axS5IiHoLaVNHeQ==

react-freeze@^1.0.0:
  version "1.0.0"
  resolved "https://registry.yarnpkg.com/react-freeze/-/react-freeze-1.0.0.tgz#b21c65fe1783743007c8c9a2952b1c8879a77354"
  integrity sha512-yQaiOqDmoKqks56LN9MTgY06O0qQHgV4FUrikH357DydArSZHQhl0BJFqGKIZoTqi8JizF9Dxhuk1FIZD6qCaw==

react-is@^16.7.0:
  version "16.13.1"
  resolved "https://registry.yarnpkg.com/react-is/-/react-is-16.13.1.tgz#789729a4dc36de2999dc156dd6c1d9c18cea56a4"
  integrity sha512-24e6ynE2H+OKt4kqsOvNd8kBpV65zoxbA4BVsEOB3ARVWQki/DHzaUoC5KuON/BiccDaCCTZBuOcfZs70kR8bQ==

react-native-safe-area-context@^3.3.2:
  version "3.3.2"
  resolved "https://registry.yarnpkg.com/react-native-safe-area-context/-/react-native-safe-area-context-3.3.2.tgz#9549a2ce580f2374edb05e49d661258d1b8bcaed"
  integrity sha512-yOwiiPJ1rk+/nfK13eafbpW6sKW0jOnsRem2C1LPJjM3tfTof6hlvV5eWHATye3XOpu2cJ7N+HdkUvUDGwFD2Q==

react-native-screens@^3.10.1:
  version "3.10.1"
  resolved "https://registry.yarnpkg.com/react-native-screens/-/react-native-screens-3.10.1.tgz#2634a1a17380c559a06de391e4969ae72c4365ff"
  integrity sha512-ZF/XHnRsuinvDY1XiCWLXxoUoSf+NgsAes2SZfX9rFQQcv128zmh/+19SSavGrSf6rQNzqytEMdRGI6yr4Gbjw==
  dependencies:
    react-freeze "^1.0.0"
    warn-once "^0.1.0"

regenerator-runtime@^0.13.4:
  version "0.13.9"
  resolved "https://registry.yarnpkg.com/regenerator-runtime/-/regenerator-runtime-0.13.9.tgz#8925742a98ffd90814988d7566ad30ca3b263b52"
  integrity sha512-p3VT+cOEgxFsRRA9X4lkI1E+k2/CtnKtU4gcxyaCUreilL/vqI6CdZ3wxVUx3UOUg+gnUOQQcRI7BmSI656MYA==

stylis@4.0.13:
  version "4.0.13"
  resolved "https://registry.yarnpkg.com/stylis/-/stylis-4.0.13.tgz#f5db332e376d13cc84ecfe5dace9a2a51d954c91"
  integrity sha512-xGPXiFVl4YED9Jh7Euv2V220mriG9u4B2TA6Ybjc1catrstKD2PpIdU3U0RKpkVBC2EhmL/F0sPCr9vrFTNRag==

warn-once@^0.1.0:
  version "0.1.0"
  resolved "https://registry.yarnpkg.com/warn-once/-/warn-once-0.1.0.tgz#4f58d89b84f968d0389176aa99e0cf0f14ffd4c8"
  integrity sha512-recZTSvuaH/On5ZU5ywq66y99lImWqzP93+AiUo9LUwG8gXHW+LJjhOd6REJHm7qb0niYqrEQJvbHSQfuJtTqA==
